// !$*UTF8*$!
{
	archiveVersion = 1;
	classes = {
	};
	objectVersion = 46;
	objects = {

/* Begin PBXBuildFile section */
		1ABA56B11B4CBFAB00676872 /* AppDelegate.swift in Sources */ = {isa = PBXBuildFile; fileRef = 1ABA56B01B4CBFAB00676872 /* AppDelegate.swift */; };
		1ABA56B31B4CBFAB00676872 /* ViewController.swift in Sources */ = {isa = PBXBuildFile; fileRef = 1ABA56B21B4CBFAB00676872 /* ViewController.swift */; };
		1ABA56B61B4CBFAB00676872 /* Main.storyboard in Resources */ = {isa = PBXBuildFile; fileRef = 1ABA56B41B4CBFAB00676872 /* Main.storyboard */; };
		1ABA56B81B4CBFAB00676872 /* Images.xcassets in Resources */ = {isa = PBXBuildFile; fileRef = 1ABA56B71B4CBFAB00676872 /* Images.xcassets */; };
		1ABA56BB1B4CBFAB00676872 /* LaunchScreen.xib in Resources */ = {isa = PBXBuildFile; fileRef = 1ABA56B91B4CBFAB00676872 /* LaunchScreen.xib */; };
		1ABA9DD41BFD915E00970469 /* DecimalToInchesViewController.swift in Sources */ = {isa = PBXBuildFile; fileRef = 1ABA9DD31BFD915E00970469 /* DecimalToInchesViewController.swift */; };
		1ABA9DD81BFE6E4100970469 /* ChartViewController.swift in Sources */ = {isa = PBXBuildFile; fileRef = 1ABA9DD71BFE6E4100970469 /* ChartViewController.swift */; };
		1ABA9DDC1BFEA05200970469 /* fractions-to-decimals2.png in Resources */ = {isa = PBXBuildFile; fileRef = 1ABA9DDB1BFEA05200970469 /* fractions-to-decimals2.png */; };
/* End PBXBuildFile section */

/* Begin PBXCopyFilesBuildPhase section */
		1A6089111CA4919F00727C51 /* Embed Watch Content */ = {
			isa = PBXCopyFilesBuildPhase;
			buildActionMask = 2147483647;
			dstPath = "$(CONTENTS_FOLDER_PATH)/Watch";
			dstSubfolderSpec = 16;
			files = (
			);
			name = "Embed Watch Content";
			runOnlyForDeploymentPostprocessing = 0;
		};
/* End PBXCopyFilesBuildPhase section */

/* Begin PBXFileReference section */
		1ABA56AB1B4CBFAB00676872 /* Conversion2.app */ = {isa = PBXFileReference; explicitFileType = wrapper.application; includeInIndex = 0; path = Conversion2.app; sourceTree = BUILT_PRODUCTS_DIR; };
		1ABA56AF1B4CBFAB00676872 /* Info.plist */ = {isa = PBXFileReference; lastKnownFileType = text.plist.xml; path = Info.plist; sourceTree = "<group>"; };
		1ABA56B01B4CBFAB00676872 /* AppDelegate.swift */ = {isa = PBXFileReference; lastKnownFileType = sourcecode.swift; path = AppDelegate.swift; sourceTree = "<group>"; };
		1ABA56B21B4CBFAB00676872 /* ViewController.swift */ = {isa = PBXFileReference; lastKnownFileType = sourcecode.swift; path = ViewController.swift; sourceTree = "<group>"; };
		1ABA56B51B4CBFAB00676872 /* Base */ = {isa = PBXFileReference; lastKnownFileType = file.storyboard; name = Base; path = Base.lproj/Main.storyboard; sourceTree = "<group>"; };
		1ABA56B71B4CBFAB00676872 /* Images.xcassets */ = {isa = PBXFileReference; lastKnownFileType = folder.assetcatalog; path = Images.xcassets; sourceTree = "<group>"; };
		1ABA56BA1B4CBFAB00676872 /* Base */ = {isa = PBXFileReference; lastKnownFileType = file.xib; name = Base; path = Base.lproj/LaunchScreen.xib; sourceTree = "<group>"; };
		1ABA9DD31BFD915E00970469 /* DecimalToInchesViewController.swift */ = {isa = PBXFileReference; fileEncoding = 4; lastKnownFileType = sourcecode.swift; path = DecimalToInchesViewController.swift; sourceTree = "<group>"; };
		1ABA9DD71BFE6E4100970469 /* ChartViewController.swift */ = {isa = PBXFileReference; fileEncoding = 4; lastKnownFileType = sourcecode.swift; path = ChartViewController.swift; sourceTree = "<group>"; };
		1ABA9DDB1BFEA05200970469 /* fractions-to-decimals2.png */ = {isa = PBXFileReference; lastKnownFileType = image.png; path = "fractions-to-decimals2.png"; sourceTree = "<group>"; };
/* End PBXFileReference section */

/* Begin PBXFrameworksBuildPhase section */
		1ABA56A81B4CBFAB00676872 /* Frameworks */ = {
			isa = PBXFrameworksBuildPhase;
			buildActionMask = 2147483647;
			files = (
			);
			runOnlyForDeploymentPostprocessing = 0;
		};
/* End PBXFrameworksBuildPhase section */

/* Begin PBXGroup section */
		1ABA56A21B4CBFAB00676872 = {
			isa = PBXGroup;
			children = (
				1ABA56AD1B4CBFAB00676872 /* Conversion2 */,
				1ABA56AC1B4CBFAB00676872 /* Products */,
			);
			sourceTree = "<group>";
		};
		1ABA56AC1B4CBFAB00676872 /* Products */ = {
			isa = PBXGroup;
			children = (
				1ABA56AB1B4CBFAB00676872 /* Conversion2.app */,
			);
			name = Products;
			sourceTree = "<group>";
		};
		1ABA56AD1B4CBFAB00676872 /* Conversion2 */ = {
			isa = PBXGroup;
			children = (
				1ABA56B01B4CBFAB00676872 /* AppDelegate.swift */,
				1ABA56B21B4CBFAB00676872 /* ViewController.swift */,
				1ABA9DD31BFD915E00970469 /* DecimalToInchesViewController.swift */,
				1ABA9DD71BFE6E4100970469 /* ChartViewController.swift */,
				1ABA56B41B4CBFAB00676872 /* Main.storyboard */,
				1ABA56B71B4CBFAB00676872 /* Images.xcassets */,
				1ABA56B91B4CBFAB00676872 /* LaunchScreen.xib */,
				1ABA56AE1B4CBFAB00676872 /* Supporting Files */,
			);
			path = Conversion2;
			sourceTree = "<group>";
		};
		1ABA56AE1B4CBFAB00676872 /* Supporting Files */ = {
			isa = PBXGroup;
			children = (
				1ABA9DDB1BFEA05200970469 /* fractions-to-decimals2.png */,
				1ABA56AF1B4CBFAB00676872 /* Info.plist */,
			);
			name = "Supporting Files";
			sourceTree = "<group>";
		};
/* End PBXGroup section */

/* Begin PBXNativeTarget section */
		1ABA56AA1B4CBFAB00676872 /* Conversion2 */ = {
			isa = PBXNativeTarget;
			buildConfigurationList = 1ABA56CA1B4CBFAB00676872 /* Build configuration list for PBXNativeTarget "Conversion2" */;
			buildPhases = (
				1ABA56A71B4CBFAB00676872 /* Sources */,
				1ABA56A81B4CBFAB00676872 /* Frameworks */,
				1ABA56A91B4CBFAB00676872 /* Resources */,
				1A6089111CA4919F00727C51 /* Embed Watch Content */,
			);
			buildRules = (
			);
			dependencies = (
			);
			name = Conversion2;
			productName = Conversion2;
			productReference = 1ABA56AB1B4CBFAB00676872 /* Conversion2.app */;
			productType = "com.apple.product-type.application";
		};
/* End PBXNativeTarget section */

/* Begin PBXProject section */
		1ABA56A31B4CBFAB00676872 /* Project object */ = {
			isa = PBXProject;
			attributes = {
				LastSwiftMigration = 0710;
				LastSwiftUpdateCheck = 0730;
				LastUpgradeCheck = 0920;
				ORGANIZATIONNAME = James;
				TargetAttributes = {
					1ABA56AA1B4CBFAB00676872 = {
						CreatedOnToolsVersion = 6.4;
						LastSwiftMigration = 0920;
					};
				};
			};
			buildConfigurationList = 1ABA56A61B4CBFAB00676872 /* Build configuration list for PBXProject "Conversion2" */;
			compatibilityVersion = "Xcode 3.2";
			developmentRegion = English;
			hasScannedForEncodings = 0;
			knownRegions = (
				en,
				Base,
			);
			mainGroup = 1ABA56A21B4CBFAB00676872;
			productRefGroup = 1ABA56AC1B4CBFAB00676872 /* Products */;
			projectDirPath = "";
			projectRoot = "";
			targets = (
				1ABA56AA1B4CBFAB00676872 /* Conversion2 */,
			);
		};
/* End PBXProject section */

/* Begin PBXResourcesBuildPhase section */
		1ABA56A91B4CBFAB00676872 /* Resources */ = {
			isa = PBXResourcesBuildPhase;
			buildActionMask = 2147483647;
			files = (
				1ABA56B61B4CBFAB00676872 /* Main.storyboard in Resources */,
				1ABA9DDC1BFEA05200970469 /* fractions-to-decimals2.png in Resources */,
				1ABA56BB1B4CBFAB00676872 /* LaunchScreen.xib in Resources */,
				1ABA56B81B4CBFAB00676872 /* Images.xcassets in Resources */,
			);
			runOnlyForDeploymentPostprocessing = 0;
		};
/* End PBXResourcesBuildPhase section */

/* Begin PBXSourcesBuildPhase section */
		1ABA56A71B4CBFAB00676872 /* Sources */ = {
			isa = PBXSourcesBuildPhase;
			buildActionMask = 2147483647;
			files = (
				1ABA9DD41BFD915E00970469 /* DecimalToInchesViewController.swift in Sources */,
				1ABA56B31B4CBFAB00676872 /* ViewController.swift in Sources */,
				1ABA56B11B4CBFAB00676872 /* AppDelegate.swift in Sources */,
				1ABA9DD81BFE6E4100970469 /* ChartViewController.swift in Sources */,
			);
			runOnlyForDeploymentPostprocessing = 0;
		};
/* End PBXSourcesBuildPhase section */

/* Begin PBXVariantGroup section */
		1ABA56B41B4CBFAB00676872 /* Main.storyboard */ = {
			isa = PBXVariantGroup;
			children = (
				1ABA56B51B4CBFAB00676872 /* Base */,
			);
			name = Main.storyboard;
			sourceTree = "<group>";
		};
		1ABA56B91B4CBFAB00676872 /* LaunchScreen.xib */ = {
			isa = PBXVariantGroup;
			children = (
				1ABA56BA1B4CBFAB00676872 /* Base */,
			);
			name = LaunchScreen.xib;
			sourceTree = "<group>";
		};
/* End PBXVariantGroup section */

/* Begin XCBuildConfiguration section */
		1ABA56C81B4CBFAB00676872 /* Debug */ = {
			isa = XCBuildConfiguration;
			buildSettings = {
				ALWAYS_SEARCH_USER_PATHS = NO;
				CLANG_CXX_LANGUAGE_STANDARD = "gnu++0x";
				CLANG_CXX_LIBRARY = "libc++";
				CLANG_ENABLE_MODULES = YES;
				CLANG_ENABLE_OBJC_ARC = YES;
				CLANG_WARN_BLOCK_CAPTURE_AUTORELEASING = YES;
				CLANG_WARN_BOOL_CONVERSION = YES;
				CLANG_WARN_COMMA = YES;
				CLANG_WARN_CONSTANT_CONVERSION = YES;
				CLANG_WARN_DIRECT_OBJC_ISA_USAGE = YES_ERROR;
				CLANG_WARN_EMPTY_BODY = YES;
				CLANG_WARN_ENUM_CONVERSION = YES;
				CLANG_WARN_INFINITE_RECURSION = YES;
				CLANG_WARN_INT_CONVERSION = YES;
				CLANG_WARN_NON_LITERAL_NULL_CONVERSION = YES;
				CLANG_WARN_OBJC_LITERAL_CONVERSION = YES;
				CLANG_WARN_OBJC_ROOT_CLASS = YES_ERROR;
				CLANG_WARN_RANGE_LOOP_ANALYSIS = YES;
				CLANG_WARN_STRICT_PROTOTYPES = YES;
				CLANG_WARN_SUSPICIOUS_MOVE = YES;
				CLANG_WARN_UNREACHABLE_CODE = YES;
				CLANG_WARN__DUPLICATE_METHOD_MATCH = YES;
				"CODE_SIGN_IDENTITY[sdk=iphoneos*]" = "iPhone Developer";
				COPY_PHASE_STRIP = NO;
				DEBUG_INFORMATION_FORMAT = "dwarf-with-dsym";
				ENABLE_STRICT_OBJC_MSGSEND = YES;
				ENABLE_TESTABILITY = YES;
				GCC_C_LANGUAGE_STANDARD = gnu99;
				GCC_DYNAMIC_NO_PIC = NO;
				GCC_NO_COMMON_BLOCKS = YES;
				GCC_OPTIMIZATION_LEVEL = 0;
				GCC_PREPROCESSOR_DEFINITIONS = (
					"DEBUG=1",
					"$(inherited)",
				);
				GCC_SYMBOLS_PRIVATE_EXTERN = NO;
				GCC_WARN_64_TO_32_BIT_CONVERSION = YES;
				GCC_WARN_ABOUT_RETURN_TYPE = YES_ERROR;
				GCC_WARN_UNDECLARED_SELECTOR = YES;
				GCC_WARN_UNINITIALIZED_AUTOS = YES_AGGRESSIVE;
				GCC_WARN_UNUSED_FUNCTION = YES;
				GCC_WARN_UNUSED_VARIABLE = YES;
				IPHONEOS_DEPLOYMENT_TARGET = 8.4;
				MTL_ENABLE_DEBUG_INFO = YES;
				ONLY_ACTIVE_ARCH = YES;
				SDKROOT = iphoneos;
				SWIFT_OPTIMIZATION_LEVEL = "-Onone";
			};
			name = Debug;
		};
		1ABA56C91B4CBFAB00676872 /* Release */ = {
			isa = XCBuildConfiguration;
			buildSettings = {
				ALWAYS_SEARCH_USER_PATHS = NO;
				CLANG_CXX_LANGUAGE_STANDARD = "gnu++0x";
				CLANG_CXX_LIBRARY = "libc++";
				CLANG_ENABLE_MODULES = YES;
				CLANG_ENABLE_OBJC_ARC = YES;
				CLANG_WARN_BLOCK_CAPTURE_AUTORELEASING = YES;
				CLANG_WARN_BOOL_CONVERSION = YES;
				CLANG_WARN_COMMA = YES;
				CLANG_WARN_CONSTANT_CONVERSION = YES;
				CLANG_WARN_DIRECT_OBJC_ISA_USAGE = YES_ERROR;
				CLANG_WARN_EMPTY_BODY = YES;
				CLANG_WARN_ENUM_CONVERSION = YES;
				CLANG_WARN_INFINITE_RECURSION = YES;
				CLANG_WARN_INT_CONVERSION = YES;
				CLANG_WARN_NON_LITERAL_NULL_CONVERSION = YES;
				CLANG_WARN_OBJC_LITERAL_CONVERSION = YES;
				CLANG_WARN_OBJC_ROOT_CLASS = YES_ERROR;
				CLANG_WARN_RANGE_LOOP_ANALYSIS = YES;
				CLANG_WARN_STRICT_PROTOTYPES = YES;
				CLANG_WARN_SUSPICIOUS_MOVE = YES;
				CLANG_WARN_UNREACHABLE_CODE = YES;
				CLANG_WARN__DUPLICATE_METHOD_MATCH = YES;
				"CODE_SIGN_IDENTITY[sdk=iphoneos*]" = "iPhone Developer";
				COPY_PHASE_STRIP = NO;
				DEBUG_INFORMATION_FORMAT = "dwarf-with-dsym";
				ENABLE_NS_ASSERTIONS = NO;
				ENABLE_STRICT_OBJC_MSGSEND = YES;
				GCC_C_LANGUAGE_STANDARD = gnu99;
				GCC_NO_COMMON_BLOCKS = YES;
				GCC_WARN_64_TO_32_BIT_CONVERSION = YES;
				GCC_WARN_ABOUT_RETURN_TYPE = YES_ERROR;
				GCC_WARN_UNDECLARED_SELECTOR = YES;
				GCC_WARN_UNINITIALIZED_AUTOS = YES_AGGRESSIVE;
				GCC_WARN_UNUSED_FUNCTION = YES;
				GCC_WARN_UNUSED_VARIABLE = YES;
				IPHONEOS_DEPLOYMENT_TARGET = 8.4;
				MTL_ENABLE_DEBUG_INFO = NO;
				SDKROOT = iphoneos;
				SWIFT_OPTIMIZATION_LEVEL = "-Owholemodule";
				VALIDATE_PRODUCT = YES;
			};
			name = Release;
		};
		1ABA56CB1B4CBFAB00676872 /* Debug */ = {
			isa = XCBuildConfiguration;
			buildSettings = {
				ASSETCATALOG_COMPILER_APPICON_NAME = AppIcon;
				INFOPLIST_FILE = Conversion2/Info.plist;
				IPHONEOS_DEPLOYMENT_TARGET = 8.0;
				LD_RUNPATH_SEARCH_PATHS = "$(inherited) @executable_path/Frameworks";
				PRODUCT_BUNDLE_IDENTIFIER = "com.jdsv650.$(PRODUCT_NAME:rfc1034identifier)";
				PRODUCT_NAME = "$(TARGET_NAME)";
				SWIFT_SWIFT3_OBJC_INFERENCE = Default;
				SWIFT_VERSION = 4.0;
			};
			name = Debug;
		};
		1ABA56CC1B4CBFAB00676872 /* Release */ = {
			isa = XCBuildConfiguration;
			buildSettings = {
				ASSETCATALOG_COMPILER_APPICON_NAME = AppIcon;
				INFOPLIST_FILE = Conversion2/Info.plist;
				IPHONEOS_DEPLOYMENT_TARGET = 8.0;
				LD_RUNPATH_SEARCH_PATHS = "$(inherited) @executable_path/Frameworks";
				PRODUCT_BUNDLE_IDENTIFIER = "com.jdsv650.$(PRODUCT_NAME:rfc1034identifier)";
				PRODUCT_NAME = "$(TARGET_NAME)";
				SWIFT_SWIFT3_OBJC_INFERENCE = Default;
				SWIFT_VERSION = 4.0;
			};
			name = Release;
		};
/* End XCBuildConfiguration section */

/* Begin XCConfigurationList section */
		1ABA56A61B4CBFAB00676872 /* Build configuration list for PBXProject "Conversion2" */ = {
			isa = XCConfigurationList;
			buildConfigurations = (
				1ABA56C81B4CBFAB00676872 /* Debug */,
				1ABA56C91B4CBFAB00676872 /* Release */,
			);
			defaultConfigurationIsVisible = 0;
			defaultConfigurationName = Release;
		};
		1ABA56CA1B4CBFAB00676872 /* Build configuration list for PBXNativeTarget "Conversion2" */ = {
			isa = XCConfigurationList;
			buildConfigurations = (
				1ABA56CB1B4CBFAB00676872 /* Debug */,
				1ABA56CC1B4CBFAB00676872 /* Release */,
			);
			defaultConfigurationIsVisible = 0;
			defaultConfigurationName = Release;
		};
/* End XCConfigurationList section */
	};
	rootObject = 1ABA56A31B4CBFAB00676872 /* Project object */;
}
